
Microsoft Visual Studio Solution File, Format Version 12.00
# Visual Studio Version 16
VisualStudioVersion = 16.0.31005.135
MinimumVisualStudioVersion = 10.0.40219.1
Project("{9A19103F-16F7-4668-BE54-9A1E7A4F7556}") = "Api", "Api.csproj", "{512F5569-7D8B-4DC9-A805-DC1FA6EB28C5}"
EndProject
Project("{FAE04EC0-301F-11D3-BF4B-00C04F79EFBC}") = "ApiTestProject", "..\ApiTestProject\ApiTestProject.csproj", "{43987D5F-68F5-4D54-8EC8-C4069F0D5DBA}"
EndProject
Global
	GlobalSection(SolutionConfigurationPlatforms) = preSolution
		Debug|Any CPU = Debug|Any CPU
		Release|Any CPU = Release|Any CPU
	EndGlobalSection
	GlobalSection(ProjectConfigurationPlatforms) = postSolution
		{512F5569-7D8B-4DC9-A805-DC1FA6EB28C5}.Debug|Any CPU.ActiveCfg = Debug|Any CPU
		{512F5569-7D8B-4DC9-A805-DC1FA6EB28C5}.Debug|Any CPU.Build.0 = Debug|Any CPU
		{512F5569-7D8B-4DC9-A805-DC1FA6EB28C5}.Release|Any CPU.ActiveCfg = Release|Any CPU
		{512F5569-7D8B-4DC9-A805-DC1FA6EB28C5}.Release|Any CPU.Build.0 = Release|Any CPU
		{43987D5F-68F5-4D54-8EC8-C4069F0D5DBA}.Debug|Any CPU.ActiveCfg = Debug|Any CPU
		{43987D5F-68F5-4D54-8EC8-C4069F0D5DBA}.Debug|Any CPU.Build.0 = Debug|Any CPU
		{43987D5F-68F5-4D54-8EC8-C4069F0D5DBA}.Release|Any CPU.ActiveCfg = Release|Any CPU
		{43987D5F-68F5-4D54-8EC8-C4069F0D5DBA}.Release|Any CPU.Build.0 = Release|Any CPU
	EndGlobalSection
	GlobalSection(SolutionProperties) = preSolution
		HideSolutionNode = FALSE
	EndGlobalSection
	GlobalSection(ExtensibilityGlobals) = postSolution
		SolutionGuid = {7E6B9086-5B77-45FD-B2A6-16042DA65FA8}
	EndGlobalSection
EndGlobal
